// !$*UTF8*$!
{
	archiveVersion = 1;
	classes = {
	};
	objectVersion = 74;
	objects = {

/* Begin PBXBuildFile section */
		792D66322B7A2B6B00DF9DAE /* CryptoSwift in Frameworks */ = {isa = PBXBuildFile; productRef = 792D66312B7A2B6B00DF9DAE /* CryptoSwift */; };
		7987A4E52AB31E230078D583 /* CryptoSwift in Frameworks */ = {isa = PBXBuildFile; productRef = 7987A4E42AB31E230078D583 /* CryptoSwift */; };
		7988BE832AB172E100E3B06A /* WidgetKit.framework in Frameworks */ = {isa = PBXBuildFile; fileRef = 7988BE822AB172E100E3B06A /* WidgetKit.framework */; };
		7988BE852AB172E100E3B06A /* SwiftUI.framework in Frameworks */ = {isa = PBXBuildFile; fileRef = 7988BE842AB172E100E3B06A /* SwiftUI.framework */; };
		7988BE942AB172E400E3B06A /* paste-wallet-widgetExtension.appex in Embed Foundation Extensions */ = {isa = PBXBuildFile; fileRef = 7988BE802AB172E100E3B06A /* paste-wallet-widgetExtension.appex */; settings = {ATTRIBUTES = (RemoveHeadersOnCopy, ); }; };
		79A7BF6A2DCBB4E500E5284A /* Sharing in Frameworks */ = {isa = PBXBuildFile; productRef = 79A7BF692DCBB4E500E5284A /* Sharing */; };
		79B409772E96B1C800AA4072 /* SwiftNavigation in Frameworks */ = {isa = PBXBuildFile; productRef = 79B409762E96B1C800AA4072 /* SwiftNavigation */; };
		79B409792E96B1C800AA4072 /* SwiftUINavigation in Frameworks */ = {isa = PBXBuildFile; productRef = 79B409782E96B1C800AA4072 /* SwiftUINavigation */; };
		79B4097B2E96B1C800AA4072 /* UIKitNavigation in Frameworks */ = {isa = PBXBuildFile; productRef = 79B4097A2E96B1C800AA4072 /* UIKitNavigation */; };
		79DA30822B7A0CEE00E65E5E /* Intents.framework in Frameworks */ = {isa = PBXBuildFile; fileRef = 79DA305D2B7A0CA900E65E5E /* Intents.framework */; };
		79DA30892B7A0CEE00E65E5E /* paste-wallet-intentHandler.appex in Embed Foundation Extensions */ = {isa = PBXBuildFile; fileRef = 79DA30812B7A0CEE00E65E5E /* paste-wallet-intentHandler.appex */; settings = {ATTRIBUTES = (RemoveHeadersOnCopy, ); }; };
		79E571772AADA62500C98B2B /* CryptoSwift in Frameworks */ = {isa = PBXBuildFile; productRef = 79E571762AADA62500C98B2B /* CryptoSwift */; };
		79E5717E2AADDB0000C98B2B /* SwiftKeychainWrapper in Frameworks */ = {isa = PBXBuildFile; productRef = 79E5717D2AADDB0000C98B2B /* SwiftKeychainWrapper */; };
		79F4F95F2AA5365D0096059E /* ComposableArchitecture in Frameworks */ = {isa = PBXBuildFile; productRef = 79F4F95E2AA5365D0096059E /* ComposableArchitecture */; };
/* End PBXBuildFile section */

/* Begin PBXContainerItemProxy section */
		7988BE922AB172E400E3B06A /* PBXContainerItemProxy */ = {
			isa = PBXContainerItemProxy;
			containerPortal = 79F4F9422AA536200096059E /* Project object */;
			proxyType = 1;
			remoteGlobalIDString = 7988BE7F2AB172E100E3B06A;
			remoteInfo = "paste-wallet-widgetExtension";
		};
		79DA30872B7A0CEE00E65E5E /* PBXContainerItemProxy */ = {
			isa = PBXContainerItemProxy;
			containerPortal = 79F4F9422AA536200096059E /* Project object */;
			proxyType = 1;
			remoteGlobalIDString = 79DA30802B7A0CEE00E65E5E;
			remoteInfo = "paste-wallet-intentHandler";
		};
/* End PBXContainerItemProxy section */

/* Begin PBXCopyFilesBuildPhase section */
		7988BE982AB172E400E3B06A /* Embed Foundation Extensions */ = {
			isa = PBXCopyFilesBuildPhase;
			buildActionMask = 2147483647;
			dstPath = "";
			dstSubfolderSpec = 13;
			files = (
				79DA30892B7A0CEE00E65E5E /* paste-wallet-intentHandler.appex in Embed Foundation Extensions */,
				7988BE942AB172E400E3B06A /* paste-wallet-widgetExtension.appex in Embed Foundation Extensions */,
			);
			name = "Embed Foundation Extensions";
			runOnlyForDeploymentPostprocessing = 0;
		};
/* End PBXCopyFilesBuildPhase section */

/* Begin PBXFileReference section */
		792D66272B7A2AD800DF9DAE /* paste-wallet-widgetExtension.entitlements */ = {isa = PBXFileReference; lastKnownFileType = text.plist.entitlements; path = "paste-wallet-widgetExtension.entitlements"; sourceTree = "<group>"; };
		7988BE802AB172E100E3B06A /* paste-wallet-widgetExtension.appex */ = {isa = PBXFileReference; explicitFileType = "wrapper.app-extension"; includeInIndex = 0; path = "paste-wallet-widgetExtension.appex"; sourceTree = BUILT_PRODUCTS_DIR; };
		7988BE822AB172E100E3B06A /* WidgetKit.framework */ = {isa = PBXFileReference; lastKnownFileType = wrapper.framework; name = WidgetKit.framework; path = System/Library/Frameworks/WidgetKit.framework; sourceTree = SDKROOT; };
		7988BE842AB172E100E3B06A /* SwiftUI.framework */ = {isa = PBXFileReference; lastKnownFileType = wrapper.framework; name = SwiftUI.framework; path = System/Library/Frameworks/SwiftUI.framework; sourceTree = SDKROOT; };
		79DA305D2B7A0CA900E65E5E /* Intents.framework */ = {isa = PBXFileReference; lastKnownFileType = wrapper.framework; name = Intents.framework; path = System/Library/Frameworks/Intents.framework; sourceTree = SDKROOT; };
		79DA30812B7A0CEE00E65E5E /* paste-wallet-intentHandler.appex */ = {isa = PBXFileReference; explicitFileType = "wrapper.app-extension"; includeInIndex = 0; path = "paste-wallet-intentHandler.appex"; sourceTree = BUILT_PRODUCTS_DIR; };
		79F4F94A2AA536200096059E /* paste-wallet.app */ = {isa = PBXFileReference; explicitFileType = wrapper.application; includeInIndex = 0; path = "paste-wallet.app"; sourceTree = BUILT_PRODUCTS_DIR; };
/* End PBXFileReference section */

/* Begin PBXFileSystemSynchronizedBuildFileExceptionSet section */
		E30375772F0668CD00ECE22A /* PBXFileSystemSynchronizedBuildFileExceptionSet */ = {
			isa = PBXFileSystemSynchronizedBuildFileExceptionSet;
			membershipExceptions = (
				Info.plist,
				PrivacyInfo.xcprivacy,
			);
			target = 79F4F9492AA536200096059E /* paste-wallet */;
		};
		E30375782F0668CD00ECE22A /* PBXFileSystemSynchronizedBuildFileExceptionSet */ = {
			isa = PBXFileSystemSynchronizedBuildFileExceptionSet;
			membershipExceptions = (
				Assets/Assets.xcassets,
				Source/Components/Colors.swift,
				Source/Constants/LiveActivityManager.swift,
				Source/Constants/UserDefaultsKey.swift,
				Source/Data/SwiftData/Entity/Bank.swift,
				Source/Data/SwiftData/Entity/Card.swift,
				Source/Data/SwiftData/Entity/Memo.swift,
				Source/Data/SwiftData/Entity/MemoField.swift,
				"Source/Extensions/Collection+Extension.swift",
				"Source/Extensions/Color+Extension.swift",
				"Source/Extensions/Date+Extension.swift",
				"Source/Extensions/String+Extension.swift",
				"Source/Extensions/UIColor+Extension.swift",
				Source/Utils/CryptoHelper.swift,
			);
			target = 7988BE7F2AB172E100E3B06A /* paste-wallet-widgetExtension */;
		};
		E30375792F0668CD00ECE22A /* PBXFileSystemSynchronizedBuildFileExceptionSet */ = {
			isa = PBXFileSystemSynchronizedBuildFileExceptionSet;
			membershipExceptions = (
				Source/Data/SwiftData/Entity/Bank.swift,
				Source/Data/SwiftData/Entity/Card.swift,
				Source/Data/SwiftData/Entity/Memo.swift,
				Source/Data/SwiftData/Entity/MemoField.swift,
				Source/Utils/CryptoHelper.swift,
			);
			target = 79DA30802B7A0CEE00E65E5E /* paste-wallet-intentHandler */;
		};
		E30375972F0668D000ECE22A /* PBXFileSystemSynchronizedBuildFileExceptionSet */ = {
			isa = PBXFileSystemSynchronizedBuildFileExceptionSet;
			membershipExceptions = (
				BankLiveActivity.swift,
				CardLiveActivity.swift,
			);
			target = 79F4F9492AA536200096059E /* paste-wallet */;
		};
		E30375992F0668D000ECE22A /* PBXFileSystemSynchronizedBuildFileExceptionSet */ = {
			isa = PBXFileSystemSynchronizedBuildFileExceptionSet;
			membershipExceptions = (
				/Localized/PasteWalletWidget.intentdefinition,
				Info.plist,
			);
			target = 7988BE7F2AB172E100E3B06A /* paste-wallet-widgetExtension */;
		};
		E30375A22F0668D200ECE22A /* PBXFileSystemSynchronizedBuildFileExceptionSet */ = {
			isa = PBXFileSystemSynchronizedBuildFileExceptionSet;
			membershipExceptions = (
				IntentHandler.swift,
			);
			target = 7988BE7F2AB172E100E3B06A /* paste-wallet-widgetExtension */;
		};
		E30375A32F0668D200ECE22A /* PBXFileSystemSynchronizedBuildFileExceptionSet */ = {
			isa = PBXFileSystemSynchronizedBuildFileExceptionSet;
			membershipExceptions = (
				IntentHandler.swift,
			);
			target = 79DA30802B7A0CEE00E65E5E /* paste-wallet-intentHandler */;
		};
/* End PBXFileSystemSynchronizedBuildFileExceptionSet section */

/* Begin PBXFileSystemSynchronizedGroupBuildPhaseMembershipExceptionSet section */
		E30375982F0668D000ECE22A /* PBXFileSystemSynchronizedGroupBuildPhaseMembershipExceptionSet */ = {
			isa = PBXFileSystemSynchronizedGroupBuildPhaseMembershipExceptionSet;
			buildPhase = 79F4F9462AA536200096059E /* Sources */;
			membershipExceptions = (
				/Localized/PasteWalletWidget.intentdefinition,
			);
		};
		E303759A2F0668D000ECE22A /* PBXFileSystemSynchronizedGroupBuildPhaseMembershipExceptionSet */ = {
			isa = PBXFileSystemSynchronizedGroupBuildPhaseMembershipExceptionSet;
			buildPhase = 7988BE7C2AB172E100E3B06A /* Sources */;
			membershipExceptions = (
				/Localized/PasteWalletWidget.intentdefinition,
			);
		};
		E303759B2F0668D000ECE22A /* PBXFileSystemSynchronizedGroupBuildPhaseMembershipExceptionSet */ = {
			isa = PBXFileSystemSynchronizedGroupBuildPhaseMembershipExceptionSet;
			buildPhase = 79DA307D2B7A0CEE00E65E5E /* Sources */;
			membershipExceptions = (
				/Localized/PasteWalletWidget.intentdefinition,
			);
		};
/* End PBXFileSystemSynchronizedGroupBuildPhaseMembershipExceptionSet section */

/* Begin PBXFileSystemSynchronizedRootGroup section */
		E30375212F0668CD00ECE22A /* paste-wallet */ = {isa = PBXFileSystemSynchronizedRootGroup; exceptions = (E30375772F0668CD00ECE22A /* PBXFileSystemSynchronizedBuildFileExceptionSet */, E30375782F0668CD00ECE22A /* PBXFileSystemSynchronizedBuildFileExceptionSet */, E30375792F0668CD00ECE22A /* PBXFileSystemSynchronizedBuildFileExceptionSet */, ); explicitFileTypes = {}; explicitFolders = (); path = "paste-wallet"; sourceTree = "<group>"; };
		E30375872F0668D000ECE22A /* paste-wallet-widget */ = {isa = PBXFileSystemSynchronizedRootGroup; exceptions = (E30375972F0668D000ECE22A /* PBXFileSystemSynchronizedBuildFileExceptionSet */, E30375982F0668D000ECE22A /* PBXFileSystemSynchronizedGroupBuildPhaseMembershipExceptionSet */, E30375992F0668D000ECE22A /* PBXFileSystemSynchronizedBuildFileExceptionSet */, E303759A2F0668D000ECE22A /* PBXFileSystemSynchronizedGroupBuildPhaseMembershipExceptionSet */, E303759B2F0668D000ECE22A /* PBXFileSystemSynchronizedGroupBuildPhaseMembershipExceptionSet */, ); explicitFileTypes = {}; explicitFolders = (); path = "paste-wallet-widget"; sourceTree = "<group>"; };
		E303759F2F0668D200ECE22A /* paste-wallet-intentHandler */ = {isa = PBXFileSystemSynchronizedRootGroup; exceptions = (E30375A22F0668D200ECE22A /* PBXFileSystemSynchronizedBuildFileExceptionSet */, E30375A32F0668D200ECE22A /* PBXFileSystemSynchronizedBuildFileExceptionSet */, ); explicitFileTypes = {}; explicitFolders = (); path = "paste-wallet-intentHandler"; sourceTree = "<group>"; };
/* End PBXFileSystemSynchronizedRootGroup section */

/* Begin PBXFrameworksBuildPhase section */
		7988BE7D2AB172E100E3B06A /* Frameworks */ = {
			isa = PBXFrameworksBuildPhase;
			buildActionMask = 2147483647;
			files = (
				7988BE852AB172E100E3B06A /* SwiftUI.framework in Frameworks */,
				7988BE832AB172E100E3B06A /* WidgetKit.framework in Frameworks */,
				7987A4E52AB31E230078D583 /* CryptoSwift in Frameworks */,
			);
			runOnlyForDeploymentPostprocessing = 0;
		};
		79DA307E2B7A0CEE00E65E5E /* Frameworks */ = {
			isa = PBXFrameworksBuildPhase;
			buildActionMask = 2147483647;
			files = (
				79DA30822B7A0CEE00E65E5E /* Intents.framework in Frameworks */,
				792D66322B7A2B6B00DF9DAE /* CryptoSwift in Frameworks */,
			);
			runOnlyForDeploymentPostprocessing = 0;
		};
		79F4F9472AA536200096059E /* Frameworks */ = {
			isa = PBXFrameworksBuildPhase;
			buildActionMask = 2147483647;
			files = (
				79B4097B2E96B1C800AA4072 /* UIKitNavigation in Frameworks */,
				79F4F95F2AA5365D0096059E /* ComposableArchitecture in Frameworks */,
				79E571772AADA62500C98B2B /* CryptoSwift in Frameworks */,
				79B409792E96B1C800AA4072 /* SwiftUINavigation in Frameworks */,
				79B409772E96B1C800AA4072 /* SwiftNavigation in Frameworks */,
				79E5717E2AADDB0000C98B2B /* SwiftKeychainWrapper in Frameworks */,
				79A7BF6A2DCBB4E500E5284A /* Sharing in Frameworks */,
			);
			runOnlyForDeploymentPostprocessing = 0;
		};
/* End PBXFrameworksBuildPhase section */

/* Begin PBXGroup section */
		7988BE812AB172E100E3B06A /* Frameworks */ = {
			isa = PBXGroup;
			children = (
				7988BE822AB172E100E3B06A /* WidgetKit.framework */,
				7988BE842AB172E100E3B06A /* SwiftUI.framework */,
				79DA305D2B7A0CA900E65E5E /* Intents.framework */,
			);
			name = Frameworks;
			sourceTree = "<group>";
		};
		79F4F9412AA536200096059E = {
			isa = PBXGroup;
			children = (
				792D66272B7A2AD800DF9DAE /* paste-wallet-widgetExtension.entitlements */,
				E30375212F0668CD00ECE22A /* paste-wallet */,
				E30375872F0668D000ECE22A /* paste-wallet-widget */,
				E303759F2F0668D200ECE22A /* paste-wallet-intentHandler */,
				7988BE812AB172E100E3B06A /* Frameworks */,
				79F4F94B2AA536200096059E /* Products */,
			);
			sourceTree = "<group>";
		};
		79F4F94B2AA536200096059E /* Products */ = {
			isa = PBXGroup;
			children = (
				79F4F94A2AA536200096059E /* paste-wallet.app */,
				7988BE802AB172E100E3B06A /* paste-wallet-widgetExtension.appex */,
				79DA30812B7A0CEE00E65E5E /* paste-wallet-intentHandler.appex */,
			);
			name = Products;
			sourceTree = "<group>";
		};
/* End PBXGroup section */

/* Begin PBXNativeTarget section */
		7988BE7F2AB172E100E3B06A /* paste-wallet-widgetExtension */ = {
			isa = PBXNativeTarget;
			buildConfigurationList = 7988BE952AB172E400E3B06A /* Build configuration list for PBXNativeTarget "paste-wallet-widgetExtension" */;
			buildPhases = (
				7988BE7C2AB172E100E3B06A /* Sources */,
				7988BE7D2AB172E100E3B06A /* Frameworks */,
				7988BE7E2AB172E100E3B06A /* Resources */,
			);
			buildRules = (
			);
			dependencies = (
			);
			fileSystemSynchronizedGroups = (
				E30375872F0668D000ECE22A /* paste-wallet-widget */,
			);
			name = "paste-wallet-widgetExtension";
			packageProductDependencies = (
				7987A4E42AB31E230078D583 /* CryptoSwift */,
			);
			productName = "paste-wallet-widgetExtension";
			productReference = 7988BE802AB172E100E3B06A /* paste-wallet-widgetExtension.appex */;
			productType = "com.apple.product-type.app-extension";
		};
		79DA30802B7A0CEE00E65E5E /* paste-wallet-intentHandler */ = {
			isa = PBXNativeTarget;
			buildConfigurationList = 79DA308A2B7A0CEE00E65E5E /* Build configuration list for PBXNativeTarget "paste-wallet-intentHandler" */;
			buildPhases = (
				79DA307D2B7A0CEE00E65E5E /* Sources */,
				79DA307E2B7A0CEE00E65E5E /* Frameworks */,
				79DA307F2B7A0CEE00E65E5E /* Resources */,
			);
			buildRules = (
			);
			dependencies = (
			);
			name = "paste-wallet-intentHandler";
			packageProductDependencies = (
				792D66312B7A2B6B00DF9DAE /* CryptoSwift */,
			);
			productName = "paste-wallet-intentHandler";
			productReference = 79DA30812B7A0CEE00E65E5E /* paste-wallet-intentHandler.appex */;
			productType = "com.apple.product-type.app-extension";
		};
		79F4F9492AA536200096059E /* paste-wallet */ = {
			isa = PBXNativeTarget;
			buildConfigurationList = 79F4F95A2AA536230096059E /* Build configuration list for PBXNativeTarget "paste-wallet" */;
			buildPhases = (
				79F4F9462AA536200096059E /* Sources */,
				79F4F9472AA536200096059E /* Frameworks */,
				79F4F9482AA536200096059E /* Resources */,
				7988BE982AB172E400E3B06A /* Embed Foundation Extensions */,
			);
			buildRules = (
			);
			dependencies = (
				7988BE932AB172E400E3B06A /* PBXTargetDependency */,
				79DA30882B7A0CEE00E65E5E /* PBXTargetDependency */,
			);
			fileSystemSynchronizedGroups = (
				E30375212F0668CD00ECE22A /* paste-wallet */,
			);
			name = "paste-wallet";
			packageProductDependencies = (
				79F4F95E2AA5365D0096059E /* ComposableArchitecture */,
				79E571762AADA62500C98B2B /* CryptoSwift */,
				79E5717D2AADDB0000C98B2B /* SwiftKeychainWrapper */,
				79A7BF692DCBB4E500E5284A /* Sharing */,
				79B409762E96B1C800AA4072 /* SwiftNavigation */,
				79B409782E96B1C800AA4072 /* SwiftUINavigation */,
				79B4097A2E96B1C800AA4072 /* UIKitNavigation */,
			);
			productName = "paste-wallet";
			productReference = 79F4F94A2AA536200096059E /* paste-wallet.app */;
			productType = "com.apple.product-type.application";
		};
/* End PBXNativeTarget section */

/* Begin PBXProject section */
		79F4F9422AA536200096059E /* Project object */ = {
			isa = PBXProject;
			attributes = {
				BuildIndependentTargetsInParallel = 1;
				LastSwiftUpdateCheck = 1520;
				LastUpgradeCheck = 1500;
				TargetAttributes = {
					7988BE7F2AB172E100E3B06A = {
						CreatedOnToolsVersion = 15.0;
					};
					79DA30802B7A0CEE00E65E5E = {
						CreatedOnToolsVersion = 15.2;
					};
					79F4F9492AA536200096059E = {
						CreatedOnToolsVersion = 15.0;
					};
				};
			};
			buildConfigurationList = 79F4F9452AA536200096059E /* Build configuration list for PBXProject "paste-wallet" */;
			developmentRegion = en;
			hasScannedForEncodings = 0;
			knownRegions = (
				en,
				Base,
				ko,
			);
			mainGroup = 79F4F9412AA536200096059E;
			packageReferences = (
				79F4F95D2AA5365D0096059E /* XCRemoteSwiftPackageReference "swift-composable-architecture" */,
				79E571752AADA62500C98B2B /* XCRemoteSwiftPackageReference "CryptoSwift" */,
				79E5717C2AADDB0000C98B2B /* XCRemoteSwiftPackageReference "SwiftKeychainWrapper" */,
				79A7BF682DCBB4E500E5284A /* XCRemoteSwiftPackageReference "swift-sharing" */,
				79B409752E96B1C800AA4072 /* XCRemoteSwiftPackageReference "swift-navigation" */,
			);
			preferredProjectObjectVersion = 56;
			productRefGroup = 79F4F94B2AA536200096059E /* Products */;
			projectDirPath = "";
			projectRoot = "";
			targets = (
				79F4F9492AA536200096059E /* paste-wallet */,
				7988BE7F2AB172E100E3B06A /* paste-wallet-widgetExtension */,
				79DA30802B7A0CEE00E65E5E /* paste-wallet-intentHandler */,
			);
		};
/* End PBXProject section */

/* Begin PBXResourcesBuildPhase section */
		7988BE7E2AB172E100E3B06A /* Resources */ = {
			isa = PBXResourcesBuildPhase;
			buildActionMask = 2147483647;
			files = (
			);
			runOnlyForDeploymentPostprocessing = 0;
		};
		79DA307F2B7A0CEE00E65E5E /* Resources */ = {
			isa = PBXResourcesBuildPhase;
			buildActionMask = 2147483647;
			files = (
			);
			runOnlyForDeploymentPostprocessing = 0;
		};
		79F4F9482AA536200096059E /* Resources */ = {
			isa = PBXResourcesBuildPhase;
			buildActionMask = 2147483647;
			files = (
			);
			runOnlyForDeploymentPostprocessing = 0;
		};
/* End PBXResourcesBuildPhase section */

/* Begin PBXSourcesBuildPhase section */
		7988BE7C2AB172E100E3B06A /* Sources */ = {
			isa = PBXSourcesBuildPhase;
			buildActionMask = 2147483647;
			files = (
			);
			runOnlyForDeploymentPostprocessing = 0;
		};
		79DA307D2B7A0CEE00E65E5E /* Sources */ = {
			isa = PBXSourcesBuildPhase;
			buildActionMask = 2147483647;
			files = (
			);
			runOnlyForDeploymentPostprocessing = 0;
		};
		79F4F9462AA536200096059E /* Sources */ = {
			isa = PBXSourcesBuildPhase;
			buildActionMask = 2147483647;
			files = (
			);
			runOnlyForDeploymentPostprocessing = 0;
		};
/* End PBXSourcesBuildPhase section */

/* Begin PBXTargetDependency section */
		7988BE932AB172E400E3B06A /* PBXTargetDependency */ = {
			isa = PBXTargetDependency;
			target = 7988BE7F2AB172E100E3B06A /* paste-wallet-widgetExtension */;
			targetProxy = 7988BE922AB172E400E3B06A /* PBXContainerItemProxy */;
		};
		79DA30882B7A0CEE00E65E5E /* PBXTargetDependency */ = {
			isa = PBXTargetDependency;
			target = 79DA30802B7A0CEE00E65E5E /* paste-wallet-intentHandler */;
			targetProxy = 79DA30872B7A0CEE00E65E5E /* PBXContainerItemProxy */;
		};
/* End PBXTargetDependency section */

/* Begin XCBuildConfiguration section */
		7988BE962AB172E400E3B06A /* Debug */ = {
			isa = XCBuildConfiguration;
			buildSettings = {
				ASSETCATALOG_COMPILER_GLOBAL_ACCENT_COLOR_NAME = AccentColor;
				ASSETCATALOG_COMPILER_WIDGET_BACKGROUND_COLOR_NAME = WidgetBackground;
				CODE_SIGN_ENTITLEMENTS = "paste-wallet-widgetExtension.entitlements";
				CODE_SIGN_STYLE = Automatic;
				CURRENT_PROJECT_VERSION = 1;
				DEVELOPMENT_TEAM = BDU85ET24K;
				GENERATE_INFOPLIST_FILE = YES;
				INFOPLIST_FILE = "paste-wallet-widget/Info.plist";
				INFOPLIST_KEY_CFBundleDisplayName = "paste-wallet-widget";
				INFOPLIST_KEY_NSHumanReadableCopyright = "";
				LD_RUNPATH_SEARCH_PATHS = (
					"$(inherited)",
					"@executable_path/Frameworks",
					"@executable_path/../../Frameworks",
				);
				MARKETING_VERSION = 1.0;
				PRODUCT_BUNDLE_IDENTIFIER = "com.mgchoi.paste-wallet.paste-wallet-widget";
				PRODUCT_NAME = "$(TARGET_NAME)";
				SKIP_INSTALL = YES;
				SUPPORTED_PLATFORMS = "iphoneos iphonesimulator";
				SUPPORTS_MACCATALYST = NO;
				SUPPORTS_MAC_DESIGNED_FOR_IPHONE_IPAD = NO;
				SWIFT_EMIT_LOC_STRINGS = YES;
				SWIFT_VERSION = 5.0;
				TARGETED_DEVICE_FAMILY = "1,2";
			};
			name = Debug;
		};
		7988BE972AB172E400E3B06A /* Release */ = {
			isa = XCBuildConfiguration;
			buildSettings = {
				ASSETCATALOG_COMPILER_GLOBAL_ACCENT_COLOR_NAME = AccentColor;
				ASSETCATALOG_COMPILER_WIDGET_BACKGROUND_COLOR_NAME = WidgetBackground;
				CODE_SIGN_ENTITLEMENTS = "paste-wallet-widgetExtension.entitlements";
				CODE_SIGN_STYLE = Automatic;
				CURRENT_PROJECT_VERSION = 1;
				DEVELOPMENT_TEAM = BDU85ET24K;
				GENERATE_INFOPLIST_FILE = YES;
				INFOPLIST_FILE = "paste-wallet-widget/Info.plist";
				INFOPLIST_KEY_CFBundleDisplayName = "paste-wallet-widget";
				INFOPLIST_KEY_NSHumanReadableCopyright = "";
				LD_RUNPATH_SEARCH_PATHS = (
					"$(inherited)",
					"@executable_path/Frameworks",
					"@executable_path/../../Frameworks",
				);
				MARKETING_VERSION = 1.0;
				PRODUCT_BUNDLE_IDENTIFIER = "com.mgchoi.paste-wallet.paste-wallet-widget";
				PRODUCT_NAME = "$(TARGET_NAME)";
				SKIP_INSTALL = YES;
				SUPPORTED_PLATFORMS = "iphoneos iphonesimulator";
				SUPPORTS_MACCATALYST = NO;
				SUPPORTS_MAC_DESIGNED_FOR_IPHONE_IPAD = NO;
				SWIFT_EMIT_LOC_STRINGS = YES;
				SWIFT_VERSION = 5.0;
				TARGETED_DEVICE_FAMILY = "1,2";
			};
			name = Release;
		};
		79DA308B2B7A0CEE00E65E5E /* Debug */ = {
			isa = XCBuildConfiguration;
			buildSettings = {
				CODE_SIGN_ENTITLEMENTS = "paste-wallet-intentHandler/paste-wallet-intentHandler.entitlements";
				CODE_SIGN_STYLE = Automatic;
				CURRENT_PROJECT_VERSION = 1;
				DEVELOPMENT_TEAM = BDU85ET24K;
				GENERATE_INFOPLIST_FILE = YES;
				INFOPLIST_FILE = "paste-wallet-intentHandler/Info.plist";
				INFOPLIST_KEY_CFBundleDisplayName = "paste-wallet-intentHandler";
				INFOPLIST_KEY_NSHumanReadableCopyright = "";
				IPHONEOS_DEPLOYMENT_TARGET = 17.0;
				LD_RUNPATH_SEARCH_PATHS = (
					"$(inherited)",
					"@executable_path/Frameworks",
					"@executable_path/../../Frameworks",
				);
				MARKETING_VERSION = 1.0;
				PRODUCT_BUNDLE_IDENTIFIER = "com.mgchoi.paste-wallet.paste-wallet-intentHandler";
				PRODUCT_NAME = "$(TARGET_NAME)";
				SKIP_INSTALL = YES;
				SWIFT_EMIT_LOC_STRINGS = YES;
				SWIFT_VERSION = 5.0;
				TARGETED_DEVICE_FAMILY = "1,2";
			};
			name = Debug;
		};
		79DA308C2B7A0CEE00E65E5E /* Release */ = {
			isa = XCBuildConfiguration;
			buildSettings = {
				CODE_SIGN_ENTITLEMENTS = "paste-wallet-intentHandler/paste-wallet-intentHandler.entitlements";
				CODE_SIGN_STYLE = Automatic;
				CURRENT_PROJECT_VERSION = 1;
				DEVELOPMENT_TEAM = BDU85ET24K;
				GENERATE_INFOPLIST_FILE = YES;
				INFOPLIST_FILE = "paste-wallet-intentHandler/Info.plist";
				INFOPLIST_KEY_CFBundleDisplayName = "paste-wallet-intentHandler";
				INFOPLIST_KEY_NSHumanReadableCopyright = "";
				IPHONEOS_DEPLOYMENT_TARGET = 17.0;
				LD_RUNPATH_SEARCH_PATHS = (
					"$(inherited)",
					"@executable_path/Frameworks",
					"@executable_path/../../Frameworks",
				);
				MARKETING_VERSION = 1.0;
				PRODUCT_BUNDLE_IDENTIFIER = "com.mgchoi.paste-wallet.paste-wallet-intentHandler";
				PRODUCT_NAME = "$(TARGET_NAME)";
				SKIP_INSTALL = YES;
				SWIFT_EMIT_LOC_STRINGS = YES;
				SWIFT_VERSION = 5.0;
				TARGETED_DEVICE_FAMILY = "1,2";
			};
			name = Release;
		};
		79F4F9582AA536230096059E /* Debug */ = {
			isa = XCBuildConfiguration;
			buildSettings = {
				ALWAYS_SEARCH_USER_PATHS = NO;
				ASSETCATALOG_COMPILER_GENERATE_SWIFT_ASSET_SYMBOL_EXTENSIONS = YES;
				CLANG_ANALYZER_NONNULL = YES;
				CLANG_ANALYZER_NUMBER_OBJECT_CONVERSION = YES_AGGRESSIVE;
				CLANG_CXX_LANGUAGE_STANDARD = "gnu++20";
				CLANG_ENABLE_MODULES = YES;
				CLANG_ENABLE_OBJC_ARC = YES;
				CLANG_ENABLE_OBJC_WEAK = YES;
				CLANG_WARN_BLOCK_CAPTURE_AUTORELEASING = YES;
				CLANG_WARN_BOOL_CONVERSION = YES;
				CLANG_WARN_COMMA = YES;
				CLANG_WARN_CONSTANT_CONVERSION = YES;
				CLANG_WARN_DEPRECATED_OBJC_IMPLEMENTATIONS = YES;
				CLANG_WARN_DIRECT_OBJC_ISA_USAGE = YES_ERROR;
				CLANG_WARN_DOCUMENTATION_COMMENTS = YES;
				CLANG_WARN_EMPTY_BODY = YES;
				CLANG_WARN_ENUM_CONVERSION = YES;
				CLANG_WARN_INFINITE_RECURSION = YES;
				CLANG_WARN_INT_CONVERSION = YES;
				CLANG_WARN_NON_LITERAL_NULL_CONVERSION = YES;
				CLANG_WARN_OBJC_IMPLICIT_RETAIN_SELF = YES;
				CLANG_WARN_OBJC_LITERAL_CONVERSION = YES;
				CLANG_WARN_OBJC_ROOT_CLASS = YES_ERROR;
				CLANG_WARN_QUOTED_INCLUDE_IN_FRAMEWORK_HEADER = YES;
				CLANG_WARN_RANGE_LOOP_ANALYSIS = YES;
				CLANG_WARN_STRICT_PROTOTYPES = YES;
				CLANG_WARN_SUSPICIOUS_MOVE = YES;
				CLANG_WARN_UNGUARDED_AVAILABILITY = YES_AGGRESSIVE;
				CLANG_WARN_UNREACHABLE_CODE = YES;
				CLANG_WARN__DUPLICATE_METHOD_MATCH = YES;
				COPY_PHASE_STRIP = NO;
				DEBUG_INFORMATION_FORMAT = dwarf;
				ENABLE_STRICT_OBJC_MSGSEND = YES;
				ENABLE_TESTABILITY = YES;
				ENABLE_USER_SCRIPT_SANDBOXING = YES;
				GCC_C_LANGUAGE_STANDARD = gnu17;
				GCC_DYNAMIC_NO_PIC = NO;
				GCC_NO_COMMON_BLOCKS = YES;
				GCC_OPTIMIZATION_LEVEL = 0;
				GCC_PREPROCESSOR_DEFINITIONS = (
					"DEBUG=1",
					"$(inherited)",
				);
				GCC_WARN_64_TO_32_BIT_CONVERSION = YES;
				GCC_WARN_ABOUT_RETURN_TYPE = YES_ERROR;
				GCC_WARN_UNDECLARED_SELECTOR = YES;
				GCC_WARN_UNINITIALIZED_AUTOS = YES_AGGRESSIVE;
				GCC_WARN_UNUSED_FUNCTION = YES;
				GCC_WARN_UNUSED_VARIABLE = YES;
				IPHONEOS_DEPLOYMENT_TARGET = 17.0;
				LOCALIZATION_PREFERS_STRING_CATALOGS = YES;
				MTL_ENABLE_DEBUG_INFO = INCLUDE_SOURCE;
				MTL_FAST_MATH = YES;
				ONLY_ACTIVE_ARCH = YES;
				SDKROOT = iphoneos;
				SWIFT_ACTIVE_COMPILATION_CONDITIONS = "DEBUG $(inherited)";
				SWIFT_OPTIMIZATION_LEVEL = "-Onone";
			};
			name = Debug;
		};
		79F4F9592AA536230096059E /* Release */ = {
			isa = XCBuildConfiguration;
			buildSettings = {
				ALWAYS_SEARCH_USER_PATHS = NO;
				ASSETCATALOG_COMPILER_GENERATE_SWIFT_ASSET_SYMBOL_EXTENSIONS = YES;
				CLANG_ANALYZER_NONNULL = YES;
				CLANG_ANALYZER_NUMBER_OBJECT_CONVERSION = YES_AGGRESSIVE;
				CLANG_CXX_LANGUAGE_STANDARD = "gnu++20";
				CLANG_ENABLE_MODULES = YES;
				CLANG_ENABLE_OBJC_ARC = YES;
				CLANG_ENABLE_OBJC_WEAK = YES;
				CLANG_WARN_BLOCK_CAPTURE_AUTORELEASING = YES;
				CLANG_WARN_BOOL_CONVERSION = YES;
				CLANG_WARN_COMMA = YES;
				CLANG_WARN_CONSTANT_CONVERSION = YES;
				CLANG_WARN_DEPRECATED_OBJC_IMPLEMENTATIONS = YES;
				CLANG_WARN_DIRECT_OBJC_ISA_USAGE = YES_ERROR;
				CLANG_WARN_DOCUMENTATION_COMMENTS = YES;
				CLANG_WARN_EMPTY_BODY = YES;
				CLANG_WARN_ENUM_CONVERSION = YES;
				CLANG_WARN_INFINITE_RECURSION = YES;
				CLANG_WARN_INT_CONVERSION = YES;
				CLANG_WARN_NON_LITERAL_NULL_CONVERSION = YES;
				CLANG_WARN_OBJC_IMPLICIT_RETAIN_SELF = YES;
				CLANG_WARN_OBJC_LITERAL_CONVERSION = YES;
				CLANG_WARN_OBJC_ROOT_CLASS = YES_ERROR;
				CLANG_WARN_QUOTED_INCLUDE_IN_FRAMEWORK_HEADER = YES;
				CLANG_WARN_RANGE_LOOP_ANALYSIS = YES;
				CLANG_WARN_STRICT_PROTOTYPES = YES;
				CLANG_WARN_SUSPICIOUS_MOVE = YES;
				CLANG_WARN_UNGUARDED_AVAILABILITY = YES_AGGRESSIVE;
				CLANG_WARN_UNREACHABLE_CODE = YES;
				CLANG_WARN__DUPLICATE_METHOD_MATCH = YES;
				COPY_PHASE_STRIP = NO;
				DEBUG_INFORMATION_FORMAT = "dwarf-with-dsym";
				ENABLE_NS_ASSERTIONS = NO;
				ENABLE_STRICT_OBJC_MSGSEND = YES;
				ENABLE_USER_SCRIPT_SANDBOXING = YES;
				GCC_C_LANGUAGE_STANDARD = gnu17;
				GCC_NO_COMMON_BLOCKS = YES;
				GCC_WARN_64_TO_32_BIT_CONVERSION = YES;
				GCC_WARN_ABOUT_RETURN_TYPE = YES_ERROR;
				GCC_WARN_UNDECLARED_SELECTOR = YES;
				GCC_WARN_UNINITIALIZED_AUTOS = YES_AGGRESSIVE;
				GCC_WARN_UNUSED_FUNCTION = YES;
				GCC_WARN_UNUSED_VARIABLE = YES;
				IPHONEOS_DEPLOYMENT_TARGET = 17.0;
				LOCALIZATION_PREFERS_STRING_CATALOGS = YES;
				MTL_ENABLE_DEBUG_INFO = NO;
				MTL_FAST_MATH = YES;
				SDKROOT = iphoneos;
				SWIFT_COMPILATION_MODE = wholemodule;
				VALIDATE_PRODUCT = YES;
			};
			name = Release;
		};
		79F4F95B2AA536230096059E /* Debug */ = {
			isa = XCBuildConfiguration;
			buildSettings = {
				ALWAYS_EMBED_SWIFT_STANDARD_LIBRARIES = YES;
				ASSETCATALOG_COMPILER_APPICON_NAME = AppIcon;
				ASSETCATALOG_COMPILER_GLOBAL_ACCENT_COLOR_NAME = AccentColor;
				CODE_SIGN_ENTITLEMENTS = "paste-wallet/paste-wallet.entitlements";
				CODE_SIGN_STYLE = Automatic;
				CURRENT_PROJECT_VERSION = 24021902;
				DEVELOPMENT_ASSET_PATHS = "\"paste-wallet/Assets/Preview Content\"";
				DEVELOPMENT_TEAM = BDU85ET24K;
				ENABLE_PREVIEWS = YES;
				GENERATE_INFOPLIST_FILE = YES;
				INFOPLIST_FILE = "paste-wallet/Info.plist";
				INFOPLIST_KEY_LSApplicationCategoryType = "public.app-category.utilities";
				INFOPLIST_KEY_NSSupportsLiveActivities = YES;
				INFOPLIST_KEY_UIApplicationSceneManifest_Generation = YES;
				INFOPLIST_KEY_UIApplicationSupportsIndirectInputEvents = YES;
				INFOPLIST_KEY_UILaunchScreen_Generation = YES;
				INFOPLIST_KEY_UISupportedInterfaceOrientations_iPad = "UIInterfaceOrientationPortrait UIInterfaceOrientationPortraitUpsideDown UIInterfaceOrientationLandscapeLeft UIInterfaceOrientationLandscapeRight";
				INFOPLIST_KEY_UISupportedInterfaceOrientations_iPhone = "UIInterfaceOrientationPortrait UIInterfaceOrientationLandscapeLeft UIInterfaceOrientationLandscapeRight";
				IPHONEOS_DEPLOYMENT_TARGET = 26.0;
				LD_RUNPATH_SEARCH_PATHS = (
					"$(inherited)",
					"@executable_path/Frameworks",
				);
				MARKETING_VERSION = 1.3.3;
				PRODUCT_BUNDLE_IDENTIFIER = "com.mgchoi.paste-wallet";
				PRODUCT_NAME = "$(TARGET_NAME)";
				SUPPORTED_PLATFORMS = "iphoneos iphonesimulator";
				SUPPORTS_MACCATALYST = NO;
				SUPPORTS_MAC_DESIGNED_FOR_IPHONE_IPAD = NO;
				SWIFT_EMIT_LOC_STRINGS = YES;
				SWIFT_VERSION = 6.0;
				TARGETED_DEVICE_FAMILY = "1,2";
			};
			name = Debug;
		};
		79F4F95C2AA536230096059E /* Release */ = {
			isa = XCBuildConfiguration;
			buildSettings = {
				ALWAYS_EMBED_SWIFT_STANDARD_LIBRARIES = YES;
				ASSETCATALOG_COMPILER_APPICON_NAME = AppIcon;
				ASSETCATALOG_COMPILER_GLOBAL_ACCENT_COLOR_NAME = AccentColor;
				CODE_SIGN_ENTITLEMENTS = "paste-wallet/paste-wallet.entitlements";
				CODE_SIGN_STYLE = Automatic;
				CURRENT_PROJECT_VERSION = 24021902;
				DEVELOPMENT_ASSET_PATHS = "\"paste-wallet/Assets/Preview Content\"";
				DEVELOPMENT_TEAM = BDU85ET24K;
				ENABLE_PREVIEWS = YES;
				GENERATE_INFOPLIST_FILE = YES;
				INFOPLIST_FILE = "paste-wallet/Info.plist";
				INFOPLIST_KEY_LSApplicationCategoryType = "public.app-category.utilities";
				INFOPLIST_KEY_NSSupportsLiveActivities = YES;
				INFOPLIST_KEY_UIApplicationSceneManifest_Generation = YES;
				INFOPLIST_KEY_UIApplicationSupportsIndirectInputEvents = YES;
				INFOPLIST_KEY_UILaunchScreen_Generation = YES;
				INFOPLIST_KEY_UISupportedInterfaceOrientations_iPad = "UIInterfaceOrientationPortrait UIInterfaceOrientationPortraitUpsideDown UIInterfaceOrientationLandscapeLeft UIInterfaceOrientationLandscapeRight";
				INFOPLIST_KEY_UISupportedInterfaceOrientations_iPhone = "UIInterfaceOrientationPortrait UIInterfaceOrientationLandscapeLeft UIInterfaceOrientationLandscapeRight";
				IPHONEOS_DEPLOYMENT_TARGET = 26.0;
				LD_RUNPATH_SEARCH_PATHS = (
					"$(inherited)",
					"@executable_path/Frameworks",
				);
				MARKETING_VERSION = 1.3.3;
				PRODUCT_BUNDLE_IDENTIFIER = "com.mgchoi.paste-wallet";
				PRODUCT_NAME = "$(TARGET_NAME)";
				SUPPORTED_PLATFORMS = "iphoneos iphonesimulator";
				SUPPORTS_MACCATALYST = NO;
				SUPPORTS_MAC_DESIGNED_FOR_IPHONE_IPAD = NO;
				SWIFT_EMIT_LOC_STRINGS = YES;
				SWIFT_VERSION = 6.0;
				TARGETED_DEVICE_FAMILY = "1,2";
			};
			name = Release;
		};
/* End XCBuildConfiguration section */

/* Begin XCConfigurationList section */
		7988BE952AB172E400E3B06A /* Build configuration list for PBXNativeTarget "paste-wallet-widgetExtension" */ = {
			isa = XCConfigurationList;
			buildConfigurations = (
				7988BE962AB172E400E3B06A /* Debug */,
				7988BE972AB172E400E3B06A /* Release */,
			);
			defaultConfigurationIsVisible = 0;
			defaultConfigurationName = Release;
		};
		79DA308A2B7A0CEE00E65E5E /* Build configuration list for PBXNativeTarget "paste-wallet-intentHandler" */ = {
			isa = XCConfigurationList;
			buildConfigurations = (
				79DA308B2B7A0CEE00E65E5E /* Debug */,
				79DA308C2B7A0CEE00E65E5E /* Release */,
			);
			defaultConfigurationIsVisible = 0;
			defaultConfigurationName = Release;
		};
		79F4F9452AA536200096059E /* Build configuration list for PBXProject "paste-wallet" */ = {
			isa = XCConfigurationList;
			buildConfigurations = (
				79F4F9582AA536230096059E /* Debug */,
				79F4F9592AA536230096059E /* Release */,
			);
			defaultConfigurationIsVisible = 0;
			defaultConfigurationName = Release;
		};
		79F4F95A2AA536230096059E /* Build configuration list for PBXNativeTarget "paste-wallet" */ = {
			isa = XCConfigurationList;
			buildConfigurations = (
				79F4F95B2AA536230096059E /* Debug */,
				79F4F95C2AA536230096059E /* Release */,
			);
			defaultConfigurationIsVisible = 0;
			defaultConfigurationName = Release;
		};
/* End XCConfigurationList section */

/* Begin XCRemoteSwiftPackageReference section */
		79A7BF682DCBB4E500E5284A /* XCRemoteSwiftPackageReference "swift-sharing" */ = {
			isa = XCRemoteSwiftPackageReference;
			repositoryURL = "https://github.com/pointfreeco/swift-sharing";
			requirement = {
				kind = exactVersion;
				version = 2.7.4;
			};
		};
		79B409752E96B1C800AA4072 /* XCRemoteSwiftPackageReference "swift-navigation" */ = {
			isa = XCRemoteSwiftPackageReference;
			repositoryURL = "https://github.com/pointfreeco/swift-navigation";
			requirement = {
				kind = exactVersion;
				version = 2.6.0;
			};
		};
		79E571752AADA62500C98B2B /* XCRemoteSwiftPackageReference "CryptoSwift" */ = {
			isa = XCRemoteSwiftPackageReference;
			repositoryURL = "https://github.com/krzyzanowskim/CryptoSwift.git";
			requirement = {
				kind = exactVersion;
				version = 1.9.0;
			};
		};
		79E5717C2AADDB0000C98B2B /* XCRemoteSwiftPackageReference "SwiftKeychainWrapper" */ = {
			isa = XCRemoteSwiftPackageReference;
			repositoryURL = "https://github.com/jrendel/SwiftKeychainWrapper";
			requirement = {
				kind = exactVersion;
				version = 4.0.1;
			};
		};
		79F4F95D2AA5365D0096059E /* XCRemoteSwiftPackageReference "swift-composable-architecture" */ = {
			isa = XCRemoteSwiftPackageReference;
			repositoryURL = "https://github.com/pointfreeco/swift-composable-architecture";
			requirement = {
				kind = exactVersion;
				version = 1.23.1;
			};
		};
/* End XCRemoteSwiftPackageReference section */

/* Begin XCSwiftPackageProductDependency section */
		792D66312B7A2B6B00DF9DAE /* CryptoSwift */ = {
			isa = XCSwiftPackageProductDependency;
			package = 79E571752AADA62500C98B2B /* XCRemoteSwiftPackageReference "CryptoSwift" */;
			productName = CryptoSwift;
		};
		7987A4E42AB31E230078D583 /* CryptoSwift */ = {
			isa = XCSwiftPackageProductDependency;
			package = 79E571752AADA62500C98B2B /* XCRemoteSwiftPackageReference "CryptoSwift" */;
			productName = CryptoSwift;
		};
		79A7BF692DCBB4E500E5284A /* Sharing */ = {
			isa = XCSwiftPackageProductDependency;
			package = 79A7BF682DCBB4E500E5284A /* XCRemoteSwiftPackageReference "swift-sharing" */;
			productName = Sharing;
		};
		79B409762E96B1C800AA4072 /* SwiftNavigation */ = {
			isa = XCSwiftPackageProductDependency;
			package = 79B409752E96B1C800AA4072 /* XCRemoteSwiftPackageReference "swift-navigation" */;
			productName = SwiftNavigation;
		};
		79B409782E96B1C800AA4072 /* SwiftUINavigation */ = {
			isa = XCSwiftPackageProductDependency;
			package = 79B409752E96B1C800AA4072 /* XCRemoteSwiftPackageReference "swift-navigation" */;
			productName = SwiftUINavigation;
		};
		79B4097A2E96B1C800AA4072 /* UIKitNavigation */ = {
			isa = XCSwiftPackageProductDependency;
			package = 79B409752E96B1C800AA4072 /* XCRemoteSwiftPackageReference "swift-navigation" */;
			productName = UIKitNavigation;
		};
		79E571762AADA62500C98B2B /* CryptoSwift */ = {
			isa = XCSwiftPackageProductDependency;
			package = 79E571752AADA62500C98B2B /* XCRemoteSwiftPackageReference "CryptoSwift" */;
			productName = CryptoSwift;
		};
		79E5717D2AADDB0000C98B2B /* SwiftKeychainWrapper */ = {
			isa = XCSwiftPackageProductDependency;
			package = 79E5717C2AADDB0000C98B2B /* XCRemoteSwiftPackageReference "SwiftKeychainWrapper" */;
			productName = SwiftKeychainWrapper;
		};
		79F4F95E2AA5365D0096059E /* ComposableArchitecture */ = {
			isa = XCSwiftPackageProductDependency;
			package = 79F4F95D2AA5365D0096059E /* XCRemoteSwiftPackageReference "swift-composable-architecture" */;
			productName = ComposableArchitecture;
		};
/* End XCSwiftPackageProductDependency section */
	};
	rootObject = 79F4F9422AA536200096059E /* Project object */;
}
